<?xml version="1.0" encoding="UTF-8" standalone="yes" ?>
<CodeBlocks_project_file>
	<FileVersion major="1" minor="6" />
	<Project>
		<Option title="logpolar-opencl" />
		<Option pch_mode="2" />
		<Option compiler="opencl_compiler" />
		<Build>
			<Target title="Debug">
				<Option output="bin/Debug/logpolar-opencl" prefix_auto="1" extension_auto="1" />
				<Option object_output="obj/Debug/" />
				<Option type="1" />
				<Option compiler="opencl_compiler" />
				<Compiler>
					<Add option="-g" />
				</Compiler>
			</Target>
			<Target title="Release">
				<Option output="bin/Release/logpolar-opencl" prefix_auto="1" extension_auto="1" />
				<Option object_output="obj/Release/" />
				<Option type="1" />
				<Option compiler="opencl_compiler" />
				<Compiler>
					<Add option="-O2" />
				</Compiler>
				<Linker>
					<Add option="-s" />
				</Linker>
			</Target>
		</Build>
		<Compiler>
			<Add option="-Wall" />
			<Add directory="$(OPENCV_PATH)/include" />
		</Compiler>
		<Linker>
			<Add library="C:/OpenCV/opencv/build/x86/cb/lib/libopencv_calib3d_pch_dephelp.a" />
			<Add library="C:/OpenCV/opencv/build/x86/cb/lib/libopencv_calib3d2410.dll.a" />
			<Add library="C:/OpenCV/opencv/build/x86/cb/lib/libopencv_contrib_pch_dephelp.a" />
			<Add library="C:/OpenCV/opencv/build/x86/cb/lib/libopencv_contrib2410.dll.a" />
			<Add library="C:/OpenCV/opencv/build/x86/cb/lib/libopencv_core_pch_dephelp.a" />
			<Add library="C:/OpenCV/opencv/build/x86/cb/lib/libopencv_core2410.dll.a" />
			<Add library="C:/OpenCV/opencv/build/x86/cb/lib/libopencv_features2d_pch_dephelp.a" />
			<Add library="C:/OpenCV/opencv/build/x86/cb/lib/libopencv_features2d2410.dll.a" />
			<Add library="C:/OpenCV/opencv/build/x86/cb/lib/libopencv_flann_pch_dephelp.a" />
			<Add library="C:/OpenCV/opencv/build/x86/cb/lib/libopencv_flann2410.dll.a" />
			<Add library="C:/OpenCV/opencv/build/x86/cb/lib/libopencv_gpu_pch_dephelp.a" />
			<Add library="C:/OpenCV/opencv/build/x86/cb/lib/libopencv_gpu2410.dll.a" />
			<Add library="C:/OpenCV/opencv/build/x86/cb/lib/libopencv_haartraining_engine.a" />
			<Add library="C:/OpenCV/opencv/build/x86/cb/lib/libopencv_highgui_pch_dephelp.a" />
			<Add library="C:/OpenCV/opencv/build/x86/cb/lib/libopencv_highgui2410.dll.a" />
			<Add library="C:/OpenCV/opencv/build/x86/cb/lib/libopencv_imgproc_pch_dephelp.a" />
			<Add library="C:/OpenCV/opencv/build/x86/cb/lib/libopencv_imgproc2410.dll.a" />
			<Add library="C:/OpenCV/opencv/build/x86/cb/lib/libopencv_legacy_pch_dephelp.a" />
			<Add library="C:/OpenCV/opencv/build/x86/cb/lib/libopencv_legacy2410.dll.a" />
			<Add library="C:/OpenCV/opencv/build/x86/cb/lib/libopencv_ml_pch_dephelp.a" />
			<Add library="C:/OpenCV/opencv/build/x86/cb/lib/libopencv_ml2410.dll.a" />
			<Add library="C:/OpenCV/opencv/build/x86/cb/lib/libopencv_nonfree_pch_dephelp.a" />
			<Add library="C:/OpenCV/opencv/build/x86/cb/lib/libopencv_nonfree2410.dll.a" />
			<Add library="C:/OpenCV/opencv/build/x86/cb/lib/libopencv_objdetect_pch_dephelp.a" />
			<Add library="C:/OpenCV/opencv/build/x86/cb/lib/libopencv_objdetect2410.dll.a" />
			<Add library="C:/OpenCV/opencv/build/x86/cb/lib/libopencv_ocl_pch_dephelp.a" />
			<Add library="C:/OpenCV/opencv/build/x86/cb/lib/libopencv_ocl2410.dll.a" />
			<Add library="C:/OpenCV/opencv/build/x86/cb/lib/libopencv_perf_calib3d_pch_dephelp.a" />
			<Add library="C:/OpenCV/opencv/build/x86/cb/lib/libopencv_perf_core_pch_dephelp.a" />
			<Add library="C:/OpenCV/opencv/build/x86/cb/lib/libopencv_perf_features2d_pch_dephelp.a" />
			<Add library="C:/OpenCV/opencv/build/x86/cb/lib/libopencv_perf_gpu_pch_dephelp.a" />
			<Add library="C:/OpenCV/opencv/build/x86/cb/lib/libopencv_perf_highgui_pch_dephelp.a" />
			<Add library="C:/OpenCV/opencv/build/x86/cb/lib/libopencv_perf_imgproc_pch_dephelp.a" />
			<Add library="C:/OpenCV/opencv/build/x86/cb/lib/libopencv_perf_nonfree_pch_dephelp.a" />
			<Add library="C:/OpenCV/opencv/build/x86/cb/lib/libopencv_perf_objdetect_pch_dephelp.a" />
			<Add library="C:/OpenCV/opencv/build/x86/cb/lib/libopencv_perf_ocl_pch_dephelp.a" />
			<Add library="C:/OpenCV/opencv/build/x86/cb/lib/libopencv_perf_photo_pch_dephelp.a" />
			<Add library="C:/OpenCV/opencv/build/x86/cb/lib/libopencv_perf_stitching_pch_dephelp.a" />
			<Add library="C:/OpenCV/opencv/build/x86/cb/lib/libopencv_perf_superres_pch_dephelp.a" />
			<Add library="C:/OpenCV/opencv/build/x86/cb/lib/libopencv_perf_video_pch_dephelp.a" />
			<Add library="C:/OpenCV/opencv/build/x86/cb/lib/libopencv_photo_pch_dephelp.a" />
			<Add library="C:/OpenCV/opencv/build/x86/cb/lib/libopencv_photo2410.dll.a" />
			<Add library="C:/OpenCV/opencv/build/x86/cb/lib/libopencv_stitching_pch_dephelp.a" />
			<Add library="C:/OpenCV/opencv/build/x86/cb/lib/libopencv_stitching2410.dll.a" />
			<Add library="C:/OpenCV/opencv/build/x86/cb/lib/libopencv_superres_pch_dephelp.a" />
			<Add library="C:/OpenCV/opencv/build/x86/cb/lib/libopencv_superres2410.dll.a" />
			<Add library="C:/OpenCV/opencv/build/x86/cb/lib/libopencv_test_calib3d_pch_dephelp.a" />
			<Add library="C:/OpenCV/opencv/build/x86/cb/lib/libopencv_test_contrib_pch_dephelp.a" />
			<Add library="C:/OpenCV/opencv/build/x86/cb/lib/libopencv_test_core_pch_dephelp.a" />
			<Add library="C:/OpenCV/opencv/build/x86/cb/lib/libopencv_test_features2d_pch_dephelp.a" />
			<Add library="C:/OpenCV/opencv/build/x86/cb/lib/libopencv_test_flann_pch_dephelp.a" />
			<Add library="C:/OpenCV/opencv/build/x86/cb/lib/libopencv_test_gpu_pch_dephelp.a" />
			<Add library="C:/OpenCV/opencv/build/x86/cb/lib/libopencv_test_highgui_pch_dephelp.a" />
			<Add library="C:/OpenCV/opencv/build/x86/cb/lib/libopencv_test_imgproc_pch_dephelp.a" />
			<Add library="C:/OpenCV/opencv/build/x86/cb/lib/libopencv_test_legacy_pch_dephelp.a" />
			<Add library="C:/OpenCV/opencv/build/x86/cb/lib/libopencv_test_ml_pch_dephelp.a" />
			<Add library="C:/OpenCV/opencv/build/x86/cb/lib/libopencv_test_nonfree_pch_dephelp.a" />
			<Add library="C:/OpenCV/opencv/build/x86/cb/lib/libopencv_test_objdetect_pch_dephelp.a" />
			<Add library="C:/OpenCV/opencv/build/x86/cb/lib/libopencv_test_ocl_pch_dephelp.a" />
			<Add library="C:/OpenCV/opencv/build/x86/cb/lib/libopencv_test_photo_pch_dephelp.a" />
			<Add library="C:/OpenCV/opencv/build/x86/cb/lib/libopencv_test_stitching_pch_dephelp.a" />
			<Add library="C:/OpenCV/opencv/build/x86/cb/lib/libopencv_test_superres_pch_dephelp.a" />
			<Add library="C:/OpenCV/opencv/build/x86/cb/lib/libopencv_test_video_pch_dephelp.a" />
			<Add library="C:/OpenCV/opencv/build/x86/cb/lib/libopencv_ts_pch_dephelp.a" />
			<Add library="C:/OpenCV/opencv/build/x86/cb/lib/libopencv_ts2410.a" />
			<Add library="C:/OpenCV/opencv/build/x86/cb/lib/libopencv_video_pch_dephelp.a" />
			<Add library="C:/OpenCV/opencv/build/x86/cb/lib/libopencv_video2410.dll.a" />
			<Add library="C:/OpenCV/opencv/build/x86/cb/lib/libopencv_videostab_pch_dephelp.a" />
			<Add library="C:/OpenCV/opencv/build/x86/cb/lib/libopencv_videostab2410.dll.a" />
			<Add directory="$(OPENCV_PATH)/x86/cb/lib" />
			<Add directory="$(OPENCV_PATH)/x86/cb/bin" />
		</Linker>
		<Unit filename="cl.hpp" />
		<Unit filename="device_picker.hpp" />
		<Unit filename="err_code.h" />
		<Unit filename="main.cpp" />
		<Unit filename="polar_utils.cpp" />
		<Unit filename="polar_utils.hpp" />
		<Unit filename="to_polar.cl" />
		<Unit filename="util.hpp" />
		<Unit filename="wtime.c">
			<Option compilerVar="CC" />
		</Unit>
		<Extensions>
			<code_completion />
			<debugger />
		</Extensions>
	</Project>
</CodeBlocks_project_file>
